dependencies:
- name: loki-stack
  repository: https://grafana.github.io/helm-charts
  version: 2.10.1
- name: kube-prometheus-stack
  repository: https://prometheus-community.github.io/helm-charts
  version: 56.6.2
digest: sha256:b38fd7fe34207cd4b7161f3b53bf9ba8e7892821210a14a268ba5cf2af5536de
generated: "2024-02-28T21:45:52.421635197-03:00"
