dependencies:
- name: loki
  repository: https://grafana.github.io/helm-charts
  version: 5.43.3
- name: kube-prometheus-stack
  repository: https://prometheus-community.github.io/helm-charts
  version: 56.6.2
- name: grafana
  repository: https://grafana.github.io/helm-charts
  version: 7.3.3
digest: sha256:12be1c1e4ca9106359bf2dc87deb4482021beddc213acf015585d4c83771ffde
generated: "2024-02-28T23:33:48.408072559-03:00"
